
Microsoft Visual Studio Solution File, Format Version 12.00
# Visual Studio Version 17
VisualStudioVersion = 17.0.32014.148
MinimumVisualStudioVersion = 10.0.40219.1
Project("{9A19103F-16F7-4668-BE54-9A1E7A4F7556}") = "spa", "spa.csproj", "{AA18B9C8-FF9F-412B-AD6C-0354590802CB}"
EndProject
Project("{2150E333-8FDC-42A3-9474-1A3956D46DE8}") = "backend", "backend", "{0CBEAB96-288B-4FAA-AE35-7AB2D6CD3E79}"
EndProject
Project("{9A19103F-16F7-4668-BE54-9A1E7A4F7556}") = "backend.api.contracts", "..\backend\backend.api.contracts\backend.api.contracts.csproj", "{F42B2112-B3A8-4D36-934A-807F5E02D724}"
EndProject
Project("{9A19103F-16F7-4668-BE54-9A1E7A4F7556}") = "backend.utilities", "..\backend\backend.utilities\backend.utilities.csproj", "{EA75D7C6-A4C5-4262-8FE0-43BCDED2560E}"
EndProject
Project("{2150E333-8FDC-42A3-9474-1A3956D46DE8}") = "application", "application", "{648BD0A8-CC13-4A44-8E2F-7F793E516346}"
EndProject
Project("{2150E333-8FDC-42A3-9474-1A3956D46DE8}") = "partners", "partners", "{01D5D132-08D4-4ECF-8873-DBC9686DF0A2}"
EndProject
Project("{9A19103F-16F7-4668-BE54-9A1E7A4F7556}") = "backend.application", "..\backend\application\backend.application\backend.application.csproj", "{C9EB0E25-CFBD-4D99-A28F-A43B9DB3E182}"
EndProject
Project("{9A19103F-16F7-4668-BE54-9A1E7A4F7556}") = "backend.application.interfaces", "..\backend\application\backend.application.interfaces\backend.application.interfaces.csproj", "{D3CC4BEE-DE97-475F-9B4F-52383889DA86}"
EndProject
Project("{9A19103F-16F7-4668-BE54-9A1E7A4F7556}") = "backend.partners", "..\backend\partners\backend.partners\backend.partners.csproj", "{087CA5FD-35F6-4E21-9839-F82C195D3C18}"
EndProject
Project("{9A19103F-16F7-4668-BE54-9A1E7A4F7556}") = "backend.partners.interfaces", "..\backend\partners\backend.partners.interfaces\backend.partners.interfaces.csproj", "{3BFA874B-86EF-4292-9D75-5E46D7D965B0}"
EndProject
Project("{9A19103F-16F7-4668-BE54-9A1E7A4F7556}") = "backend.mappers", "..\backend\backend.mappers\backend.mappers.csproj", "{FB747A14-5186-4D97-A4E3-F87F9C2F406A}"
EndProject
Project("{2150E333-8FDC-42A3-9474-1A3956D46DE8}") = "domain", "domain", "{FCB49702-344A-4694-9BDB-CD7231D620F4}"
EndProject
Project("{9A19103F-16F7-4668-BE54-9A1E7A4F7556}") = "backend.domain", "..\backend\domain\backend.domain\backend.domain.csproj", "{98E9C110-EABA-4A8A-924E-04130E100D16}"
EndProject
Project("{9A19103F-16F7-4668-BE54-9A1E7A4F7556}") = "backend.domain.validation", "..\backend\domain\backend.domain.validation\backend.domain.validation.csproj", "{3BE66795-897A-4578-BF3D-80F867766AB3}"
EndProject
Project("{2150E333-8FDC-42A3-9474-1A3956D46DE8}") = "tests", "tests", "{74274339-51E7-4446-A0EA-9F56AB831115}"
EndProject
Project("{9A19103F-16F7-4668-BE54-9A1E7A4F7556}") = "backend.domain.tests", "..\backend\tests\backend.domain.tests\backend.domain.tests.csproj", "{7EA5BE44-3D0D-484C-A8A3-031CD80E47B0}"
EndProject
Project("{FAE04EC0-301F-11D3-BF4B-00C04F79EFBC}") = "backend.domain.validation.tests", "..\backend\tests\backend.domain.validation.tests\backend.domain.validation.tests.csproj", "{07559876-9A33-4630-89F2-2C986CF2F9C9}"
EndProject
Project("{2150E333-8FDC-42A3-9474-1A3956D46DE8}") = "domain", "domain", "{9CE2C4A5-DCCB-4D1D-AC51-EFCD6DE41762}"
EndProject
Global
	GlobalSection(SolutionConfigurationPlatforms) = preSolution
		Debug|Any CPU = Debug|Any CPU
		Release|Any CPU = Release|Any CPU
	EndGlobalSection
	GlobalSection(ProjectConfigurationPlatforms) = postSolution
		{AA18B9C8-FF9F-412B-AD6C-0354590802CB}.Debug|Any CPU.ActiveCfg = Debug|Any CPU
		{AA18B9C8-FF9F-412B-AD6C-0354590802CB}.Debug|Any CPU.Build.0 = Debug|Any CPU
		{AA18B9C8-FF9F-412B-AD6C-0354590802CB}.Release|Any CPU.ActiveCfg = Release|Any CPU
		{AA18B9C8-FF9F-412B-AD6C-0354590802CB}.Release|Any CPU.Build.0 = Release|Any CPU
		{F42B2112-B3A8-4D36-934A-807F5E02D724}.Debug|Any CPU.ActiveCfg = Debug|Any CPU
		{F42B2112-B3A8-4D36-934A-807F5E02D724}.Debug|Any CPU.Build.0 = Debug|Any CPU
		{F42B2112-B3A8-4D36-934A-807F5E02D724}.Release|Any CPU.ActiveCfg = Release|Any CPU
		{F42B2112-B3A8-4D36-934A-807F5E02D724}.Release|Any CPU.Build.0 = Release|Any CPU
		{EA75D7C6-A4C5-4262-8FE0-43BCDED2560E}.Debug|Any CPU.ActiveCfg = Debug|Any CPU
		{EA75D7C6-A4C5-4262-8FE0-43BCDED2560E}.Debug|Any CPU.Build.0 = Debug|Any CPU
		{EA75D7C6-A4C5-4262-8FE0-43BCDED2560E}.Release|Any CPU.ActiveCfg = Release|Any CPU
		{EA75D7C6-A4C5-4262-8FE0-43BCDED2560E}.Release|Any CPU.Build.0 = Release|Any CPU
		{C9EB0E25-CFBD-4D99-A28F-A43B9DB3E182}.Debug|Any CPU.ActiveCfg = Debug|Any CPU
		{C9EB0E25-CFBD-4D99-A28F-A43B9DB3E182}.Debug|Any CPU.Build.0 = Debug|Any CPU
		{C9EB0E25-CFBD-4D99-A28F-A43B9DB3E182}.Release|Any CPU.ActiveCfg = Release|Any CPU
		{C9EB0E25-CFBD-4D99-A28F-A43B9DB3E182}.Release|Any CPU.Build.0 = Release|Any CPU
		{D3CC4BEE-DE97-475F-9B4F-52383889DA86}.Debug|Any CPU.ActiveCfg = Debug|Any CPU
		{D3CC4BEE-DE97-475F-9B4F-52383889DA86}.Debug|Any CPU.Build.0 = Debug|Any CPU
		{D3CC4BEE-DE97-475F-9B4F-52383889DA86}.Release|Any CPU.ActiveCfg = Release|Any CPU
		{D3CC4BEE-DE97-475F-9B4F-52383889DA86}.Release|Any CPU.Build.0 = Release|Any CPU
		{087CA5FD-35F6-4E21-9839-F82C195D3C18}.Debug|Any CPU.ActiveCfg = Debug|Any CPU
		{087CA5FD-35F6-4E21-9839-F82C195D3C18}.Debug|Any CPU.Build.0 = Debug|Any CPU
		{087CA5FD-35F6-4E21-9839-F82C195D3C18}.Release|Any CPU.ActiveCfg = Release|Any CPU
		{087CA5FD-35F6-4E21-9839-F82C195D3C18}.Release|Any CPU.Build.0 = Release|Any CPU
		{3BFA874B-86EF-4292-9D75-5E46D7D965B0}.Debug|Any CPU.ActiveCfg = Debug|Any CPU
		{3BFA874B-86EF-4292-9D75-5E46D7D965B0}.Debug|Any CPU.Build.0 = Debug|Any CPU
		{3BFA874B-86EF-4292-9D75-5E46D7D965B0}.Release|Any CPU.ActiveCfg = Release|Any CPU
		{3BFA874B-86EF-4292-9D75-5E46D7D965B0}.Release|Any CPU.Build.0 = Release|Any CPU
		{FB747A14-5186-4D97-A4E3-F87F9C2F406A}.Debug|Any CPU.ActiveCfg = Debug|Any CPU
		{FB747A14-5186-4D97-A4E3-F87F9C2F406A}.Debug|Any CPU.Build.0 = Debug|Any CPU
		{FB747A14-5186-4D97-A4E3-F87F9C2F406A}.Release|Any CPU.ActiveCfg = Release|Any CPU
		{FB747A14-5186-4D97-A4E3-F87F9C2F406A}.Release|Any CPU.Build.0 = Release|Any CPU
		{98E9C110-EABA-4A8A-924E-04130E100D16}.Debug|Any CPU.ActiveCfg = Debug|Any CPU
		{98E9C110-EABA-4A8A-924E-04130E100D16}.Debug|Any CPU.Build.0 = Debug|Any CPU
		{98E9C110-EABA-4A8A-924E-04130E100D16}.Release|Any CPU.ActiveCfg = Release|Any CPU
		{98E9C110-EABA-4A8A-924E-04130E100D16}.Release|Any CPU.Build.0 = Release|Any CPU
		{3BE66795-897A-4578-BF3D-80F867766AB3}.Debug|Any CPU.ActiveCfg = Debug|Any CPU
		{3BE66795-897A-4578-BF3D-80F867766AB3}.Debug|Any CPU.Build.0 = Debug|Any CPU
		{3BE66795-897A-4578-BF3D-80F867766AB3}.Release|Any CPU.ActiveCfg = Release|Any CPU
		{3BE66795-897A-4578-BF3D-80F867766AB3}.Release|Any CPU.Build.0 = Release|Any CPU
		{7EA5BE44-3D0D-484C-A8A3-031CD80E47B0}.Debug|Any CPU.ActiveCfg = Debug|Any CPU
		{7EA5BE44-3D0D-484C-A8A3-031CD80E47B0}.Debug|Any CPU.Build.0 = Debug|Any CPU
		{7EA5BE44-3D0D-484C-A8A3-031CD80E47B0}.Release|Any CPU.ActiveCfg = Release|Any CPU
		{7EA5BE44-3D0D-484C-A8A3-031CD80E47B0}.Release|Any CPU.Build.0 = Release|Any CPU
		{07559876-9A33-4630-89F2-2C986CF2F9C9}.Debug|Any CPU.ActiveCfg = Debug|Any CPU
		{07559876-9A33-4630-89F2-2C986CF2F9C9}.Debug|Any CPU.Build.0 = Debug|Any CPU
		{07559876-9A33-4630-89F2-2C986CF2F9C9}.Release|Any CPU.ActiveCfg = Release|Any CPU
		{07559876-9A33-4630-89F2-2C986CF2F9C9}.Release|Any CPU.Build.0 = Release|Any CPU
	EndGlobalSection
	GlobalSection(SolutionProperties) = preSolution
		HideSolutionNode = FALSE
	EndGlobalSection
	GlobalSection(NestedProjects) = preSolution
		{F42B2112-B3A8-4D36-934A-807F5E02D724} = {0CBEAB96-288B-4FAA-AE35-7AB2D6CD3E79}
		{EA75D7C6-A4C5-4262-8FE0-43BCDED2560E} = {0CBEAB96-288B-4FAA-AE35-7AB2D6CD3E79}
		{648BD0A8-CC13-4A44-8E2F-7F793E516346} = {0CBEAB96-288B-4FAA-AE35-7AB2D6CD3E79}
		{01D5D132-08D4-4ECF-8873-DBC9686DF0A2} = {0CBEAB96-288B-4FAA-AE35-7AB2D6CD3E79}
		{C9EB0E25-CFBD-4D99-A28F-A43B9DB3E182} = {648BD0A8-CC13-4A44-8E2F-7F793E516346}
		{D3CC4BEE-DE97-475F-9B4F-52383889DA86} = {648BD0A8-CC13-4A44-8E2F-7F793E516346}
		{087CA5FD-35F6-4E21-9839-F82C195D3C18} = {01D5D132-08D4-4ECF-8873-DBC9686DF0A2}
		{3BFA874B-86EF-4292-9D75-5E46D7D965B0} = {01D5D132-08D4-4ECF-8873-DBC9686DF0A2}
		{FB747A14-5186-4D97-A4E3-F87F9C2F406A} = {0CBEAB96-288B-4FAA-AE35-7AB2D6CD3E79}
		{FCB49702-344A-4694-9BDB-CD7231D620F4} = {0CBEAB96-288B-4FAA-AE35-7AB2D6CD3E79}
		{98E9C110-EABA-4A8A-924E-04130E100D16} = {FCB49702-344A-4694-9BDB-CD7231D620F4}
		{3BE66795-897A-4578-BF3D-80F867766AB3} = {FCB49702-344A-4694-9BDB-CD7231D620F4}
		{74274339-51E7-4446-A0EA-9F56AB831115} = {0CBEAB96-288B-4FAA-AE35-7AB2D6CD3E79}
		{7EA5BE44-3D0D-484C-A8A3-031CD80E47B0} = {9CE2C4A5-DCCB-4D1D-AC51-EFCD6DE41762}
		{07559876-9A33-4630-89F2-2C986CF2F9C9} = {9CE2C4A5-DCCB-4D1D-AC51-EFCD6DE41762}
		{9CE2C4A5-DCCB-4D1D-AC51-EFCD6DE41762} = {74274339-51E7-4446-A0EA-9F56AB831115}
	EndGlobalSection
	GlobalSection(ExtensibilityGlobals) = postSolution
		SolutionGuid = {B5CBBB76-CD6A-4668-AB8E-0887AD022404}
	EndGlobalSection
EndGlobal
